
Microsoft Visual Studio Solution File, Format Version 12.00
# Visual Studio Version 16
VisualStudioVersion = 16.0.30204.135
MinimumVisualStudioVersion = 10.0.40219.1
Project("{FAE04EC0-301F-11D3-BF4B-00C04F79EFBC}") = "DB4_Week2_Exercises", "DB4_Week2_Exercises.csproj", "{850261E6-BED1-4612-B4B2-A218B941C9E6}"
EndProject
Global
	GlobalSection(SolutionConfigurationPlatforms) = preSolution
		Debug|Any CPU = Debug|Any CPU
		Release|Any CPU = Release|Any CPU
	EndGlobalSection
	GlobalSection(ProjectConfigurationPlatforms) = postSolution
		{850261E6-BED1-4612-B4B2-A218B941C9E6}.Debug|Any CPU.ActiveCfg = Debug|Any CPU
		{850261E6-BED1-4612-B4B2-A218B941C9E6}.Debug|Any CPU.Build.0 = Debug|Any CPU
		{850261E6-BED1-4612-B4B2-A218B941C9E6}.Release|Any CPU.ActiveCfg = Release|Any CPU
		{850261E6-BED1-4612-B4B2-A218B941C9E6}.Release|Any CPU.Build.0 = Release|Any CPU
	EndGlobalSection
	GlobalSection(SolutionProperties) = preSolution
		HideSolutionNode = FALSE
	EndGlobalSection
	GlobalSection(ExtensibilityGlobals) = postSolution
		SolutionGuid = {C8B9BFAF-120E-4A57-88CE-9CD8FD721913}
	EndGlobalSection
EndGlobal
